
Microsoft Visual Studio Solution File, Format Version 12.00
# Visual Studio Version 16
VisualStudioVersion = 16.0.31729.503
MinimumVisualStudioVersion = 10.0.40219.1
Project("{FAE04EC0-301F-11D3-BF4B-00C04F79EFBC}") = "Mad_Dog.Android", "Mad_Dog.Android\Mad_Dog.Android.csproj", "{BA17815E-6856-4AA0-A995-A6B9F381ED00}"
EndProject
Project("{FAE04EC0-301F-11D3-BF4B-00C04F79EFBC}") = "Mad_Dog.iOS", "Mad_Dog.iOS\Mad_Dog.iOS.csproj", "{7983CD23-E32A-41A1-90D3-29C3FA04A541}"
EndProject
Project("{FAE04EC0-301F-11D3-BF4B-00C04F79EFBC}") = "Mad_Dog", "Mad_Dog\Mad_Dog.csproj", "{907D444B-E789-439B-99FA-19CE23FD0CE0}"
EndProject
Global
	GlobalSection(SolutionConfigurationPlatforms) = preSolution
		Debug|Any CPU = Debug|Any CPU
		Debug|iPhone = Debug|iPhone
		Debug|iPhoneSimulator = Debug|iPhoneSimulator
		Release|Any CPU = Release|Any CPU
		Release|iPhone = Release|iPhone
		Release|iPhoneSimulator = Release|iPhoneSimulator
	EndGlobalSection
	GlobalSection(ProjectConfigurationPlatforms) = postSolution
		{BA17815E-6856-4AA0-A995-A6B9F381ED00}.Debug|Any CPU.ActiveCfg = Debug|Any CPU
		{BA17815E-6856-4AA0-A995-A6B9F381ED00}.Debug|Any CPU.Build.0 = Debug|Any CPU
		{BA17815E-6856-4AA0-A995-A6B9F381ED00}.Debug|Any CPU.Deploy.0 = Debug|Any CPU
		{BA17815E-6856-4AA0-A995-A6B9F381ED00}.Debug|iPhone.ActiveCfg = Debug|Any CPU
		{BA17815E-6856-4AA0-A995-A6B9F381ED00}.Debug|iPhone.Build.0 = Debug|Any CPU
		{BA17815E-6856-4AA0-A995-A6B9F381ED00}.Debug|iPhone.Deploy.0 = Debug|Any CPU
		{BA17815E-6856-4AA0-A995-A6B9F381ED00}.Debug|iPhoneSimulator.ActiveCfg = Debug|Any CPU
		{BA17815E-6856-4AA0-A995-A6B9F381ED00}.Debug|iPhoneSimulator.Build.0 = Debug|Any CPU
		{BA17815E-6856-4AA0-A995-A6B9F381ED00}.Debug|iPhoneSimulator.Deploy.0 = Debug|Any CPU
		{BA17815E-6856-4AA0-A995-A6B9F381ED00}.Release|Any CPU.ActiveCfg = Release|Any CPU
		{BA17815E-6856-4AA0-A995-A6B9F381ED00}.Release|Any CPU.Build.0 = Release|Any CPU
		{BA17815E-6856-4AA0-A995-A6B9F381ED00}.Release|Any CPU.Deploy.0 = Release|Any CPU
		{BA17815E-6856-4AA0-A995-A6B9F381ED00}.Release|iPhone.ActiveCfg = Release|Any CPU
		{BA17815E-6856-4AA0-A995-A6B9F381ED00}.Release|iPhone.Build.0 = Release|Any CPU
		{BA17815E-6856-4AA0-A995-A6B9F381ED00}.Release|iPhone.Deploy.0 = Release|Any CPU
		{BA17815E-6856-4AA0-A995-A6B9F381ED00}.Release|iPhoneSimulator.ActiveCfg = Release|Any CPU
		{BA17815E-6856-4AA0-A995-A6B9F381ED00}.Release|iPhoneSimulator.Build.0 = Release|Any CPU
		{BA17815E-6856-4AA0-A995-A6B9F381ED00}.Release|iPhoneSimulator.Deploy.0 = Release|Any CPU
		{7983CD23-E32A-41A1-90D3-29C3FA04A541}.Debug|Any CPU.ActiveCfg = Debug|iPhone
		{7983CD23-E32A-41A1-90D3-29C3FA04A541}.Debug|Any CPU.Build.0 = Debug|iPhone
		{7983CD23-E32A-41A1-90D3-29C3FA04A541}.Debug|Any CPU.Deploy.0 = Debug|iPhone
		{7983CD23-E32A-41A1-90D3-29C3FA04A541}.Debug|iPhone.ActiveCfg = Debug|iPhone
		{7983CD23-E32A-41A1-90D3-29C3FA04A541}.Debug|iPhone.Build.0 = Debug|iPhone
		{7983CD23-E32A-41A1-90D3-29C3FA04A541}.Debug|iPhone.Deploy.0 = Debug|iPhone
		{7983CD23-E32A-41A1-90D3-29C3FA04A541}.Debug|iPhoneSimulator.ActiveCfg = Debug|iPhoneSimulator
		{7983CD23-E32A-41A1-90D3-29C3FA04A541}.Debug|iPhoneSimulator.Build.0 = Debug|iPhoneSimulator
		{7983CD23-E32A-41A1-90D3-29C3FA04A541}.Debug|iPhoneSimulator.Deploy.0 = Debug|iPhoneSimulator
		{7983CD23-E32A-41A1-90D3-29C3FA04A541}.Release|Any CPU.ActiveCfg = Release|iPhoneSimulator
		{7983CD23-E32A-41A1-90D3-29C3FA04A541}.Release|Any CPU.Build.0 = Release|iPhoneSimulator
		{7983CD23-E32A-41A1-90D3-29C3FA04A541}.Release|Any CPU.Deploy.0 = Release|iPhoneSimulator
		{7983CD23-E32A-41A1-90D3-29C3FA04A541}.Release|iPhone.ActiveCfg = Release|iPhone
		{7983CD23-E32A-41A1-90D3-29C3FA04A541}.Release|iPhone.Build.0 = Release|iPhone
		{7983CD23-E32A-41A1-90D3-29C3FA04A541}.Release|iPhone.Deploy.0 = Release|iPhone
		{7983CD23-E32A-41A1-90D3-29C3FA04A541}.Release|iPhoneSimulator.ActiveCfg = Release|iPhoneSimulator
		{7983CD23-E32A-41A1-90D3-29C3FA04A541}.Release|iPhoneSimulator.Build.0 = Release|iPhoneSimulator
		{7983CD23-E32A-41A1-90D3-29C3FA04A541}.Release|iPhoneSimulator.Deploy.0 = Release|iPhoneSimulator
		{907D444B-E789-439B-99FA-19CE23FD0CE0}.Debug|Any CPU.ActiveCfg = Debug|Any CPU
		{907D444B-E789-439B-99FA-19CE23FD0CE0}.Debug|Any CPU.Build.0 = Debug|Any CPU
		{907D444B-E789-439B-99FA-19CE23FD0CE0}.Debug|Any CPU.Deploy.0 = Debug|Any CPU
		{907D444B-E789-439B-99FA-19CE23FD0CE0}.Debug|iPhone.ActiveCfg = Debug|Any CPU
		{907D444B-E789-439B-99FA-19CE23FD0CE0}.Debug|iPhone.Build.0 = Debug|Any CPU
		{907D444B-E789-439B-99FA-19CE23FD0CE0}.Debug|iPhone.Deploy.0 = Debug|Any CPU
		{907D444B-E789-439B-99FA-19CE23FD0CE0}.Debug|iPhoneSimulator.ActiveCfg = Debug|Any CPU
		{907D444B-E789-439B-99FA-19CE23FD0CE0}.Debug|iPhoneSimulator.Build.0 = Debug|Any CPU
		{907D444B-E789-439B-99FA-19CE23FD0CE0}.Debug|iPhoneSimulator.Deploy.0 = Debug|Any CPU
		{907D444B-E789-439B-99FA-19CE23FD0CE0}.Release|Any CPU.ActiveCfg = Release|Any CPU
		{907D444B-E789-439B-99FA-19CE23FD0CE0}.Release|Any CPU.Build.0 = Release|Any CPU
		{907D444B-E789-439B-99FA-19CE23FD0CE0}.Release|Any CPU.Deploy.0 = Release|Any CPU
		{907D444B-E789-439B-99FA-19CE23FD0CE0}.Release|iPhone.ActiveCfg = Release|Any CPU
		{907D444B-E789-439B-99FA-19CE23FD0CE0}.Release|iPhone.Build.0 = Release|Any CPU
		{907D444B-E789-439B-99FA-19CE23FD0CE0}.Release|iPhone.Deploy.0 = Release|Any CPU
		{907D444B-E789-439B-99FA-19CE23FD0CE0}.Release|iPhoneSimulator.ActiveCfg = Release|Any CPU
		{907D444B-E789-439B-99FA-19CE23FD0CE0}.Release|iPhoneSimulator.Build.0 = Release|Any CPU
		{907D444B-E789-439B-99FA-19CE23FD0CE0}.Release|iPhoneSimulator.Deploy.0 = Release|Any CPU
	EndGlobalSection
	GlobalSection(SolutionProperties) = preSolution
		HideSolutionNode = FALSE
	EndGlobalSection
	GlobalSection(ExtensibilityGlobals) = postSolution
		SolutionGuid = {E6A7ECDF-8690-42FE-A65B-035E7DFB959F}
	EndGlobalSection
EndGlobal
